// !$*UTF8*$!
{
	archiveVersion = 1;
	classes = {
	};
	objectVersion = 55;
	objects = {

/* Begin PBXBuildFile section */
		877BF0462894B22B0034518E /* ViewModel.swift in Sources */ = {isa = PBXBuildFile; fileRef = 877BF0452894B22B0034518E /* ViewModel.swift */; };
		877BF0492894B2490034518E /* RxCocoa in Frameworks */ = {isa = PBXBuildFile; productRef = 877BF0482894B2490034518E /* RxCocoa */; };
		877BF04B2894B2490034518E /* RxSwift in Frameworks */ = {isa = PBXBuildFile; productRef = 877BF04A2894B2490034518E /* RxSwift */; };
		87A71E9E2893FD1C0099CF5D /* AppDelegate.swift in Sources */ = {isa = PBXBuildFile; fileRef = 87A71E9D2893FD1C0099CF5D /* AppDelegate.swift */; };
		87A71EA02893FD1C0099CF5D /* SceneDelegate.swift in Sources */ = {isa = PBXBuildFile; fileRef = 87A71E9F2893FD1C0099CF5D /* SceneDelegate.swift */; };
		87A71EA22893FD1C0099CF5D /* ViewController.swift in Sources */ = {isa = PBXBuildFile; fileRef = 87A71EA12893FD1C0099CF5D /* ViewController.swift */; };
		87A71EA52893FD1C0099CF5D /* Main.storyboard in Resources */ = {isa = PBXBuildFile; fileRef = 87A71EA32893FD1C0099CF5D /* Main.storyboard */; };
		87A71EA72893FD1E0099CF5D /* Assets.xcassets in Resources */ = {isa = PBXBuildFile; fileRef = 87A71EA62893FD1E0099CF5D /* Assets.xcassets */; };
		87A71EAA2893FD1E0099CF5D /* LaunchScreen.storyboard in Resources */ = {isa = PBXBuildFile; fileRef = 87A71EA82893FD1E0099CF5D /* LaunchScreen.storyboard */; };
/* End PBXBuildFile section */

/* Begin PBXFileReference section */
		877BF0452894B22B0034518E /* ViewModel.swift */ = {isa = PBXFileReference; lastKnownFileType = sourcecode.swift; path = ViewModel.swift; sourceTree = "<group>"; };
		87A71E9A2893FD1C0099CF5D /* MiniApp65-RxSwift07.app */ = {isa = PBXFileReference; explicitFileType = wrapper.application; includeInIndex = 0; path = "MiniApp65-RxSwift07.app"; sourceTree = BUILT_PRODUCTS_DIR; };
		87A71E9D2893FD1C0099CF5D /* AppDelegate.swift */ = {isa = PBXFileReference; lastKnownFileType = sourcecode.swift; path = AppDelegate.swift; sourceTree = "<group>"; };
		87A71E9F2893FD1C0099CF5D /* SceneDelegate.swift */ = {isa = PBXFileReference; lastKnownFileType = sourcecode.swift; path = SceneDelegate.swift; sourceTree = "<group>"; };
		87A71EA12893FD1C0099CF5D /* ViewController.swift */ = {isa = PBXFileReference; lastKnownFileType = sourcecode.swift; path = ViewController.swift; sourceTree = "<group>"; };
		87A71EA42893FD1C0099CF5D /* Base */ = {isa = PBXFileReference; lastKnownFileType = file.storyboard; name = Base; path = Base.lproj/Main.storyboard; sourceTree = "<group>"; };
		87A71EA62893FD1E0099CF5D /* Assets.xcassets */ = {isa = PBXFileReference; lastKnownFileType = folder.assetcatalog; path = Assets.xcassets; sourceTree = "<group>"; };
		87A71EA92893FD1E0099CF5D /* Base */ = {isa = PBXFileReference; lastKnownFileType = file.storyboard; name = Base; path = Base.lproj/LaunchScreen.storyboard; sourceTree = "<group>"; };
		87A71EAB2893FD1E0099CF5D /* Info.plist */ = {isa = PBXFileReference; lastKnownFileType = text.plist.xml; path = Info.plist; sourceTree = "<group>"; };
/* End PBXFileReference section */

/* Begin PBXFrameworksBuildPhase section */
		87A71E972893FD1C0099CF5D /* Frameworks */ = {
			isa = PBXFrameworksBuildPhase;
			buildActionMask = 2147483647;
			files = (
				877BF04B2894B2490034518E /* RxSwift in Frameworks */,
				877BF0492894B2490034518E /* RxCocoa in Frameworks */,
			);
			runOnlyForDeploymentPostprocessing = 0;
		};
/* End PBXFrameworksBuildPhase section */

/* Begin PBXGroup section */
		87A71E912893FD1C0099CF5D = {
			isa = PBXGroup;
			children = (
				87A71E9C2893FD1C0099CF5D /* MiniApp65-RxSwift07 */,
				87A71E9B2893FD1C0099CF5D /* Products */,
			);
			sourceTree = "<group>";
		};
		87A71E9B2893FD1C0099CF5D /* Products */ = {
			isa = PBXGroup;
			children = (
				87A71E9A2893FD1C0099CF5D /* MiniApp65-RxSwift07.app */,
			);
			name = Products;
			sourceTree = "<group>";
		};
		87A71E9C2893FD1C0099CF5D /* MiniApp65-RxSwift07 */ = {
			isa = PBXGroup;
			children = (
				87A71ED82894B1BA0099CF5D /* ViewController */,
				87A71ED72894B1B40099CF5D /* View */,
				87A71ED62894B1AA0099CF5D /* Model */,
				87A71E9D2893FD1C0099CF5D /* AppDelegate.swift */,
				87A71E9F2893FD1C0099CF5D /* SceneDelegate.swift */,
				87A71EA62893FD1E0099CF5D /* Assets.xcassets */,
				87A71EA82893FD1E0099CF5D /* LaunchScreen.storyboard */,
				87A71EAB2893FD1E0099CF5D /* Info.plist */,
			);
			path = "MiniApp65-RxSwift07";
			sourceTree = "<group>";
		};
		87A71ED62894B1AA0099CF5D /* Model */ = {
			isa = PBXGroup;
			children = (
				877BF0452894B22B0034518E /* ViewModel.swift */,
			);
			path = Model;
			sourceTree = "<group>";
		};
		87A71ED72894B1B40099CF5D /* View */ = {
			isa = PBXGroup;
			children = (
			);
			path = View;
			sourceTree = "<group>";
		};
		87A71ED82894B1BA0099CF5D /* ViewController */ = {
			isa = PBXGroup;
			children = (
				87A71EA12893FD1C0099CF5D /* ViewController.swift */,
				87A71EA32893FD1C0099CF5D /* Main.storyboard */,
			);
			path = ViewController;
			sourceTree = "<group>";
		};
/* End PBXGroup section */

/* Begin PBXNativeTarget section */
		87A71E992893FD1C0099CF5D /* MiniApp65-RxSwift07 */ = {
			isa = PBXNativeTarget;
			buildConfigurationList = 87A71EAE2893FD1E0099CF5D /* Build configuration list for PBXNativeTarget "MiniApp65-RxSwift07" */;
			buildPhases = (
				87A71E962893FD1C0099CF5D /* Sources */,
				87A71E972893FD1C0099CF5D /* Frameworks */,
				87A71E982893FD1C0099CF5D /* Resources */,
			);
			buildRules = (
			);
			dependencies = (
			);
			name = "MiniApp65-RxSwift07";
			packageProductDependencies = (
				877BF0482894B2490034518E /* RxCocoa */,
				877BF04A2894B2490034518E /* RxSwift */,
			);
			productName = "MiniApp65-RxSwift07";
			productReference = 87A71E9A2893FD1C0099CF5D /* MiniApp65-RxSwift07.app */;
			productType = "com.apple.product-type.application";
		};
/* End PBXNativeTarget section */

/* Begin PBXProject section */
		87A71E922893FD1C0099CF5D /* Project object */ = {
			isa = PBXProject;
			attributes = {
				BuildIndependentTargetsInParallel = 1;
				LastSwiftUpdateCheck = 1340;
				LastUpgradeCheck = 1340;
				TargetAttributes = {
					87A71E992893FD1C0099CF5D = {
						CreatedOnToolsVersion = 13.4.1;
					};
				};
			};
			buildConfigurationList = 87A71E952893FD1C0099CF5D /* Build configuration list for PBXProject "MiniApp65-RxSwift07" */;
			compatibilityVersion = "Xcode 13.0";
			developmentRegion = en;
			hasScannedForEncodings = 0;
			knownRegions = (
				en,
				Base,
			);
			mainGroup = 87A71E912893FD1C0099CF5D;
			packageReferences = (
				877BF0472894B2490034518E /* XCRemoteSwiftPackageReference "RxSwift" */,
			);
			productRefGroup = 87A71E9B2893FD1C0099CF5D /* Products */;
			projectDirPath = "";
			projectRoot = "";
			targets = (
				87A71E992893FD1C0099CF5D /* MiniApp65-RxSwift07 */,
			);
		};
/* End PBXProject section */

/* Begin PBXResourcesBuildPhase section */
		87A71E982893FD1C0099CF5D /* Resources */ = {
			isa = PBXResourcesBuildPhase;
			buildActionMask = 2147483647;
			files = (
				87A71EAA2893FD1E0099CF5D /* LaunchScreen.storyboard in Resources */,
				87A71EA72893FD1E0099CF5D /* Assets.xcassets in Resources */,
				87A71EA52893FD1C0099CF5D /* Main.storyboard in Resources */,
			);
			runOnlyForDeploymentPostprocessing = 0;
		};
/* End PBXResourcesBuildPhase section */

/* Begin PBXSourcesBuildPhase section */
		87A71E962893FD1C0099CF5D /* Sources */ = {
			isa = PBXSourcesBuildPhase;
			buildActionMask = 2147483647;
			files = (
				87A71EA22893FD1C0099CF5D /* ViewController.swift in Sources */,
				87A71E9E2893FD1C0099CF5D /* AppDelegate.swift in Sources */,
				877BF0462894B22B0034518E /* ViewModel.swift in Sources */,
				87A71EA02893FD1C0099CF5D /* SceneDelegate.swift in Sources */,
			);
			runOnlyForDeploymentPostprocessing = 0;
		};
/* End PBXSourcesBuildPhase section */

/* Begin PBXVariantGroup section */
		87A71EA32893FD1C0099CF5D /* Main.storyboard */ = {
			isa = PBXVariantGroup;
			children = (
				87A71EA42893FD1C0099CF5D /* Base */,
			);
			name = Main.storyboard;
			sourceTree = "<group>";
		};
		87A71EA82893FD1E0099CF5D /* LaunchScreen.storyboard */ = {
			isa = PBXVariantGroup;
			children = (
				87A71EA92893FD1E0099CF5D /* Base */,
			);
			name = LaunchScreen.storyboard;
			sourceTree = "<group>";
		};
/* End PBXVariantGroup section */

/* Begin XCBuildConfiguration section */
		87A71EAC2893FD1E0099CF5D /* Debug */ = {
			isa = XCBuildConfiguration;
			buildSettings = {
				ALWAYS_SEARCH_USER_PATHS = NO;
				CLANG_ANALYZER_NONNULL = YES;
				CLANG_ANALYZER_NUMBER_OBJECT_CONVERSION = YES_AGGRESSIVE;
				CLANG_CXX_LANGUAGE_STANDARD = "gnu++17";
				CLANG_ENABLE_MODULES = YES;
				CLANG_ENABLE_OBJC_ARC = YES;
				CLANG_ENABLE_OBJC_WEAK = YES;
				CLANG_WARN_BLOCK_CAPTURE_AUTORELEASING = YES;
				CLANG_WARN_BOOL_CONVERSION = YES;
				CLANG_WARN_COMMA = YES;
				CLANG_WARN_CONSTANT_CONVERSION = YES;
				CLANG_WARN_DEPRECATED_OBJC_IMPLEMENTATIONS = YES;
				CLANG_WARN_DIRECT_OBJC_ISA_USAGE = YES_ERROR;
				CLANG_WARN_DOCUMENTATION_COMMENTS = YES;
				CLANG_WARN_EMPTY_BODY = YES;
				CLANG_WARN_ENUM_CONVERSION = YES;
				CLANG_WARN_INFINITE_RECURSION = YES;
				CLANG_WARN_INT_CONVERSION = YES;
				CLANG_WARN_NON_LITERAL_NULL_CONVERSION = YES;
				CLANG_WARN_OBJC_IMPLICIT_RETAIN_SELF = YES;
				CLANG_WARN_OBJC_LITERAL_CONVERSION = YES;
				CLANG_WARN_OBJC_ROOT_CLASS = YES_ERROR;
				CLANG_WARN_QUOTED_INCLUDE_IN_FRAMEWORK_HEADER = YES;
				CLANG_WARN_RANGE_LOOP_ANALYSIS = YES;
				CLANG_WARN_STRICT_PROTOTYPES = YES;
				CLANG_WARN_SUSPICIOUS_MOVE = YES;
				CLANG_WARN_UNGUARDED_AVAILABILITY = YES_AGGRESSIVE;
				CLANG_WARN_UNREACHABLE_CODE = YES;
				CLANG_WARN__DUPLICATE_METHOD_MATCH = YES;
				COPY_PHASE_STRIP = NO;
				DEBUG_INFORMATION_FORMAT = dwarf;
				ENABLE_STRICT_OBJC_MSGSEND = YES;
				ENABLE_TESTABILITY = YES;
				GCC_C_LANGUAGE_STANDARD = gnu11;
				GCC_DYNAMIC_NO_PIC = NO;
				GCC_NO_COMMON_BLOCKS = YES;
				GCC_OPTIMIZATION_LEVEL = 0;
				GCC_PREPROCESSOR_DEFINITIONS = (
					"DEBUG=1",
					"$(inherited)",
				);
				GCC_WARN_64_TO_32_BIT_CONVERSION = YES;
				GCC_WARN_ABOUT_RETURN_TYPE = YES_ERROR;
				GCC_WARN_UNDECLARED_SELECTOR = YES;
				GCC_WARN_UNINITIALIZED_AUTOS = YES_AGGRESSIVE;
				GCC_WARN_UNUSED_FUNCTION = YES;
				GCC_WARN_UNUSED_VARIABLE = YES;
				IPHONEOS_DEPLOYMENT_TARGET = 15.5;
				MTL_ENABLE_DEBUG_INFO = INCLUDE_SOURCE;
				MTL_FAST_MATH = YES;
				ONLY_ACTIVE_ARCH = YES;
				SDKROOT = iphoneos;
				SWIFT_ACTIVE_COMPILATION_CONDITIONS = DEBUG;
				SWIFT_OPTIMIZATION_LEVEL = "-Onone";
			};
			name = Debug;
		};
		87A71EAD2893FD1E0099CF5D /* Release */ = {
			isa = XCBuildConfiguration;
			buildSettings = {
				ALWAYS_SEARCH_USER_PATHS = NO;
				CLANG_ANALYZER_NONNULL = YES;
				CLANG_ANALYZER_NUMBER_OBJECT_CONVERSION = YES_AGGRESSIVE;
				CLANG_CXX_LANGUAGE_STANDARD = "gnu++17";
				CLANG_ENABLE_MODULES = YES;
				CLANG_ENABLE_OBJC_ARC = YES;
				CLANG_ENABLE_OBJC_WEAK = YES;
				CLANG_WARN_BLOCK_CAPTURE_AUTORELEASING = YES;
				CLANG_WARN_BOOL_CONVERSION = YES;
				CLANG_WARN_COMMA = YES;
				CLANG_WARN_CONSTANT_CONVERSION = YES;
				CLANG_WARN_DEPRECATED_OBJC_IMPLEMENTATIONS = YES;
				CLANG_WARN_DIRECT_OBJC_ISA_USAGE = YES_ERROR;
				CLANG_WARN_DOCUMENTATION_COMMENTS = YES;
				CLANG_WARN_EMPTY_BODY = YES;
				CLANG_WARN_ENUM_CONVERSION = YES;
				CLANG_WARN_INFINITE_RECURSION = YES;
				CLANG_WARN_INT_CONVERSION = YES;
				CLANG_WARN_NON_LITERAL_NULL_CONVERSION = YES;
				CLANG_WARN_OBJC_IMPLICIT_RETAIN_SELF = YES;
				CLANG_WARN_OBJC_LITERAL_CONVERSION = YES;
				CLANG_WARN_OBJC_ROOT_CLASS = YES_ERROR;
				CLANG_WARN_QUOTED_INCLUDE_IN_FRAMEWORK_HEADER = YES;
				CLANG_WARN_RANGE_LOOP_ANALYSIS = YES;
				CLANG_WARN_STRICT_PROTOTYPES = YES;
				CLANG_WARN_SUSPICIOUS_MOVE = YES;
				CLANG_WARN_UNGUARDED_AVAILABILITY = YES_AGGRESSIVE;
				CLANG_WARN_UNREACHABLE_CODE = YES;
				CLANG_WARN__DUPLICATE_METHOD_MATCH = YES;
				COPY_PHASE_STRIP = NO;
				DEBUG_INFORMATION_FORMAT = "dwarf-with-dsym";
				ENABLE_NS_ASSERTIONS = NO;
				ENABLE_STRICT_OBJC_MSGSEND = YES;
				GCC_C_LANGUAGE_STANDARD = gnu11;
				GCC_NO_COMMON_BLOCKS = YES;
				GCC_WARN_64_TO_32_BIT_CONVERSION = YES;
				GCC_WARN_ABOUT_RETURN_TYPE = YES_ERROR;
				GCC_WARN_UNDECLARED_SELECTOR = YES;
				GCC_WARN_UNINITIALIZED_AUTOS = YES_AGGRESSIVE;
				GCC_WARN_UNUSED_FUNCTION = YES;
				GCC_WARN_UNUSED_VARIABLE = YES;
				IPHONEOS_DEPLOYMENT_TARGET = 15.5;
				MTL_ENABLE_DEBUG_INFO = NO;
				MTL_FAST_MATH = YES;
				SDKROOT = iphoneos;
				SWIFT_COMPILATION_MODE = wholemodule;
				SWIFT_OPTIMIZATION_LEVEL = "-O";
				VALIDATE_PRODUCT = YES;
			};
			name = Release;
		};
		87A71EAF2893FD1E0099CF5D /* Debug */ = {
			isa = XCBuildConfiguration;
			buildSettings = {
				ASSETCATALOG_COMPILER_APPICON_NAME = AppIcon;
				ASSETCATALOG_COMPILER_GLOBAL_ACCENT_COLOR_NAME = AccentColor;
				CODE_SIGN_STYLE = Automatic;
				CURRENT_PROJECT_VERSION = 1;
				DEVELOPMENT_TEAM = 558ZJSQN67;
				GENERATE_INFOPLIST_FILE = YES;
				INFOPLIST_FILE = "MiniApp65-RxSwift07/Info.plist";
				INFOPLIST_KEY_UIApplicationSupportsIndirectInputEvents = YES;
				INFOPLIST_KEY_UILaunchStoryboardName = LaunchScreen;
				INFOPLIST_KEY_UIMainStoryboardFile = Main;
				INFOPLIST_KEY_UISupportedInterfaceOrientations_iPad = "UIInterfaceOrientationPortrait UIInterfaceOrientationPortraitUpsideDown UIInterfaceOrientationLandscapeLeft UIInterfaceOrientationLandscapeRight";
				INFOPLIST_KEY_UISupportedInterfaceOrientations_iPhone = "UIInterfaceOrientationPortrait UIInterfaceOrientationLandscapeLeft UIInterfaceOrientationLandscapeRight";
				LD_RUNPATH_SEARCH_PATHS = (
					"$(inherited)",
					"@executable_path/Frameworks",
				);
				MARKETING_VERSION = 1.0;
				PRODUCT_BUNDLE_IDENTIFIER = "org.tetoblog.MiniApp65-RxSwift07";
				PRODUCT_NAME = "$(TARGET_NAME)";
				SWIFT_EMIT_LOC_STRINGS = YES;
				SWIFT_VERSION = 5.0;
				TARGETED_DEVICE_FAMILY = "1,2";
			};
			name = Debug;
		};
		87A71EB02893FD1E0099CF5D /* Release */ = {
			isa = XCBuildConfiguration;
			buildSettings = {
				ASSETCATALOG_COMPILER_APPICON_NAME = AppIcon;
				ASSETCATALOG_COMPILER_GLOBAL_ACCENT_COLOR_NAME = AccentColor;
				CODE_SIGN_STYLE = Automatic;
				CURRENT_PROJECT_VERSION = 1;
				DEVELOPMENT_TEAM = 558ZJSQN67;
				GENERATE_INFOPLIST_FILE = YES;
				INFOPLIST_FILE = "MiniApp65-RxSwift07/Info.plist";
				INFOPLIST_KEY_UIApplicationSupportsIndirectInputEvents = YES;
				INFOPLIST_KEY_UILaunchStoryboardName = LaunchScreen;
				INFOPLIST_KEY_UIMainStoryboardFile = Main;
				INFOPLIST_KEY_UISupportedInterfaceOrientations_iPad = "UIInterfaceOrientationPortrait UIInterfaceOrientationPortraitUpsideDown UIInterfaceOrientationLandscapeLeft UIInterfaceOrientationLandscapeRight";
				INFOPLIST_KEY_UISupportedInterfaceOrientations_iPhone = "UIInterfaceOrientationPortrait UIInterfaceOrientationLandscapeLeft UIInterfaceOrientationLandscapeRight";
				LD_RUNPATH_SEARCH_PATHS = (
					"$(inherited)",
					"@executable_path/Frameworks",
				);
				MARKETING_VERSION = 1.0;
				PRODUCT_BUNDLE_IDENTIFIER = "org.tetoblog.MiniApp65-RxSwift07";
				PRODUCT_NAME = "$(TARGET_NAME)";
				SWIFT_EMIT_LOC_STRINGS = YES;
				SWIFT_VERSION = 5.0;
				TARGETED_DEVICE_FAMILY = "1,2";
			};
			name = Release;
		};
/* End XCBuildConfiguration section */

/* Begin XCConfigurationList section */
		87A71E952893FD1C0099CF5D /* Build configuration list for PBXProject "MiniApp65-RxSwift07" */ = {
			isa = XCConfigurationList;
			buildConfigurations = (
				87A71EAC2893FD1E0099CF5D /* Debug */,
				87A71EAD2893FD1E0099CF5D /* Release */,
			);
			defaultConfigurationIsVisible = 0;
			defaultConfigurationName = Release;
		};
		87A71EAE2893FD1E0099CF5D /* Build configuration list for PBXNativeTarget "MiniApp65-RxSwift07" */ = {
			isa = XCConfigurationList;
			buildConfigurations = (
				87A71EAF2893FD1E0099CF5D /* Debug */,
				87A71EB02893FD1E0099CF5D /* Release */,
			);
			defaultConfigurationIsVisible = 0;
			defaultConfigurationName = Release;
		};
/* End XCConfigurationList section */

/* Begin XCRemoteSwiftPackageReference section */
		877BF0472894B2490034518E /* XCRemoteSwiftPackageReference "RxSwift" */ = {
			isa = XCRemoteSwiftPackageReference;
			repositoryURL = "https://github.com/ReactiveX/RxSwift";
			requirement = {
				kind = upToNextMajorVersion;
				minimumVersion = 6.0.0;
			};
		};
/* End XCRemoteSwiftPackageReference section */

/* Begin XCSwiftPackageProductDependency section */
		877BF0482894B2490034518E /* RxCocoa */ = {
			isa = XCSwiftPackageProductDependency;
			package = 877BF0472894B2490034518E /* XCRemoteSwiftPackageReference "RxSwift" */;
			productName = RxCocoa;
		};
		877BF04A2894B2490034518E /* RxSwift */ = {
			isa = XCSwiftPackageProductDependency;
			package = 877BF0472894B2490034518E /* XCRemoteSwiftPackageReference "RxSwift" */;
			productName = RxSwift;
		};
/* End XCSwiftPackageProductDependency section */
	};
	rootObject = 87A71E922893FD1C0099CF5D /* Project object */;
}
